
Microsoft Visual Studio Solution File, Format Version 12.00
# Visual Studio Version 16
VisualStudioVersion = 16.0.31321.278
MinimumVisualStudioVersion = 10.0.40219.1
Project("{FAE04EC0-301F-11D3-BF4B-00C04F79EFBC}") = "HelloWorld_Rowland_Ethan", "HelloWorld_Rowland_Ethan\HelloWorld_Rowland_Ethan.csproj", "{9450FE13-EB2F-4FF5-9E48-2D0921513E43}"
EndProject
Global
	GlobalSection(SolutionConfigurationPlatforms) = preSolution
		Debug|Any CPU = Debug|Any CPU
		Release|Any CPU = Release|Any CPU
	EndGlobalSection
	GlobalSection(ProjectConfigurationPlatforms) = postSolution
		{9450FE13-EB2F-4FF5-9E48-2D0921513E43}.Debug|Any CPU.ActiveCfg = Debug|Any CPU
		{9450FE13-EB2F-4FF5-9E48-2D0921513E43}.Debug|Any CPU.Build.0 = Debug|Any CPU
		{9450FE13-EB2F-4FF5-9E48-2D0921513E43}.Release|Any CPU.ActiveCfg = Release|Any CPU
		{9450FE13-EB2F-4FF5-9E48-2D0921513E43}.Release|Any CPU.Build.0 = Release|Any CPU
	EndGlobalSection
	GlobalSection(SolutionProperties) = preSolution
		HideSolutionNode = FALSE
	EndGlobalSection
	GlobalSection(ExtensibilityGlobals) = postSolution
		SolutionGuid = {A7C460AF-EC6B-42F0-84CB-F6C1056F1BF9}
	EndGlobalSection
EndGlobal
